
Microsoft Visual Studio Solution File, Format Version 11.00
# Visual C++ Express 2010
Project("{8BC9CEB8-8B4A-11D0-8D11-00A0C91BC942}") = "AndorSIF", "AndorSIF.vcxproj", "{FB61EAE0-A7E5-4601-B14F-C142A9B0EDE6}"
EndProject
Global
	GlobalSection(SolutionConfigurationPlatforms) = preSolution
		Debug|Win32 = Debug|Win32
		Release|Win32 = Release|Win32
	EndGlobalSection
	GlobalSection(ProjectConfigurationPlatforms) = postSolution
		{FB61EAE0-A7E5-4601-B14F-C142A9B0EDE6}.Debug|Win32.ActiveCfg = Debug|Win32
		{FB61EAE0-A7E5-4601-B14F-C142A9B0EDE6}.Debug|Win32.Build.0 = Debug|Win32
		{FB61EAE0-A7E5-4601-B14F-C142A9B0EDE6}.Release|Win32.ActiveCfg = Release|Win32
		{FB61EAE0-A7E5-4601-B14F-C142A9B0EDE6}.Release|Win32.Build.0 = Release|Win32
	EndGlobalSection
	GlobalSection(SolutionProperties) = preSolution
		HideSolutionNode = FALSE
	EndGlobalSection
EndGlobal
