
Microsoft Visual Studio Solution File, Format Version 10.00
# Visual C++ Express 2008
Project("{8BC9CEB8-8B4A-11D0-8D11-00A0C91BC942}") = "GSL_STL", "GSL_STL.vcproj", "{90FAE318-CED7-4AC0-9C0E-98DECC91E056}"
EndProject
Global
	GlobalSection(SolutionConfigurationPlatforms) = preSolution
		Debug|Win32 = Debug|Win32
		Release|Win32 = Release|Win32
	EndGlobalSection
	GlobalSection(ProjectConfigurationPlatforms) = postSolution
		{90FAE318-CED7-4AC0-9C0E-98DECC91E056}.Debug|Win32.ActiveCfg = Debug|Win32
		{90FAE318-CED7-4AC0-9C0E-98DECC91E056}.Debug|Win32.Build.0 = Debug|Win32
		{90FAE318-CED7-4AC0-9C0E-98DECC91E056}.Release|Win32.ActiveCfg = Release|Win32
		{90FAE318-CED7-4AC0-9C0E-98DECC91E056}.Release|Win32.Build.0 = Release|Win32
	EndGlobalSection
	GlobalSection(SolutionProperties) = preSolution
		HideSolutionNode = FALSE
	EndGlobalSection
EndGlobal
