
Microsoft Visual Studio Solution File, Format Version 11.00
# Visual C++ Express 2010
Project("{8BC9CEB8-8B4A-11D0-8D11-00A0C91BC942}") = "RayTracing", "RayTracing.vcxproj", "{CD08E5DF-E2B7-4084-AFC1-8F8C7E52BAC8}"
EndProject
Global
	GlobalSection(SolutionConfigurationPlatforms) = preSolution
		Debug|Win32 = Debug|Win32
		Release|Win32 = Release|Win32
	EndGlobalSection
	GlobalSection(ProjectConfigurationPlatforms) = postSolution
		{CD08E5DF-E2B7-4084-AFC1-8F8C7E52BAC8}.Debug|Win32.ActiveCfg = Debug|Win32
		{CD08E5DF-E2B7-4084-AFC1-8F8C7E52BAC8}.Debug|Win32.Build.0 = Debug|Win32
		{CD08E5DF-E2B7-4084-AFC1-8F8C7E52BAC8}.Release|Win32.ActiveCfg = Release|Win32
		{CD08E5DF-E2B7-4084-AFC1-8F8C7E52BAC8}.Release|Win32.Build.0 = Release|Win32
	EndGlobalSection
	GlobalSection(SolutionProperties) = preSolution
		HideSolutionNode = FALSE
	EndGlobalSection
EndGlobal
